// !$*UTF8*$!
{
	archiveVersion = 1;
	classes = {
	};
	objectVersion = 46;
	objects = {

/* Begin PBXBuildFile section */
		56E890B818BBD66800EE8C9B /* Foundation.framework in Frameworks */ = {isa = PBXBuildFile; fileRef = 56E890B718BBD66800EE8C9B /* Foundation.framework */; };
		56E890BA18BBD66800EE8C9B /* CoreGraphics.framework in Frameworks */ = {isa = PBXBuildFile; fileRef = 56E890B918BBD66800EE8C9B /* CoreGraphics.framework */; };
		56E890BC18BBD66800EE8C9B /* UIKit.framework in Frameworks */ = {isa = PBXBuildFile; fileRef = 56E890BB18BBD66800EE8C9B /* UIKit.framework */; };
		56E890C218BBD66800EE8C9B /* InfoPlist.strings in Resources */ = {isa = PBXBuildFile; fileRef = 56E890C018BBD66800EE8C9B /* InfoPlist.strings */; };
		56E890C418BBD66800EE8C9B /* main.m in Sources */ = {isa = PBXBuildFile; fileRef = 56E890C318BBD66800EE8C9B /* main.m */; };
		56E890C818BBD66800EE8C9B /* AttributorAppDelegate.m in Sources */ = {isa = PBXBuildFile; fileRef = 56E890C718BBD66800EE8C9B /* AttributorAppDelegate.m */; };
		56E890CB18BBD66800EE8C9B /* Main.storyboard in Resources */ = {isa = PBXBuildFile; fileRef = 56E890C918BBD66800EE8C9B /* Main.storyboard */; };
		56E890CE18BBD66800EE8C9B /* AttributorViewController.m in Sources */ = {isa = PBXBuildFile; fileRef = 56E890CD18BBD66800EE8C9B /* AttributorViewController.m */; };
		56E890D018BBD66800EE8C9B /* Images.xcassets in Resources */ = {isa = PBXBuildFile; fileRef = 56E890CF18BBD66800EE8C9B /* Images.xcassets */; };
		56E890D718BBD66800EE8C9B /* XCTest.framework in Frameworks */ = {isa = PBXBuildFile; fileRef = 56E890D618BBD66800EE8C9B /* XCTest.framework */; };
		56E890D818BBD66800EE8C9B /* Foundation.framework in Frameworks */ = {isa = PBXBuildFile; fileRef = 56E890B718BBD66800EE8C9B /* Foundation.framework */; };
		56E890D918BBD66800EE8C9B /* UIKit.framework in Frameworks */ = {isa = PBXBuildFile; fileRef = 56E890BB18BBD66800EE8C9B /* UIKit.framework */; };
		56E890E118BBD66800EE8C9B /* InfoPlist.strings in Resources */ = {isa = PBXBuildFile; fileRef = 56E890DF18BBD66800EE8C9B /* InfoPlist.strings */; };
		56E890E318BBD66800EE8C9B /* AttributorTests.m in Sources */ = {isa = PBXBuildFile; fileRef = 56E890E218BBD66800EE8C9B /* AttributorTests.m */; };
/* End PBXBuildFile section */

/* Begin PBXContainerItemProxy section */
		56E890DA18BBD66800EE8C9B /* PBXContainerItemProxy */ = {
			isa = PBXContainerItemProxy;
			containerPortal = 56E890AC18BBD66800EE8C9B /* Project object */;
			proxyType = 1;
			remoteGlobalIDString = 56E890B318BBD66800EE8C9B;
			remoteInfo = Attributor;
		};
/* End PBXContainerItemProxy section */

/* Begin PBXFileReference section */
		56E890B418BBD66800EE8C9B /* Attributor.app */ = {isa = PBXFileReference; explicitFileType = wrapper.application; includeInIndex = 0; path = Attributor.app; sourceTree = BUILT_PRODUCTS_DIR; };
		56E890B718BBD66800EE8C9B /* Foundation.framework */ = {isa = PBXFileReference; lastKnownFileType = wrapper.framework; name = Foundation.framework; path = System/Library/Frameworks/Foundation.framework; sourceTree = SDKROOT; };
		56E890B918BBD66800EE8C9B /* CoreGraphics.framework */ = {isa = PBXFileReference; lastKnownFileType = wrapper.framework; name = CoreGraphics.framework; path = System/Library/Frameworks/CoreGraphics.framework; sourceTree = SDKROOT; };
		56E890BB18BBD66800EE8C9B /* UIKit.framework */ = {isa = PBXFileReference; lastKnownFileType = wrapper.framework; name = UIKit.framework; path = System/Library/Frameworks/UIKit.framework; sourceTree = SDKROOT; };
		56E890BF18BBD66800EE8C9B /* Attributor-Info.plist */ = {isa = PBXFileReference; lastKnownFileType = text.plist.xml; path = "Attributor-Info.plist"; sourceTree = "<group>"; };
		56E890C118BBD66800EE8C9B /* en */ = {isa = PBXFileReference; lastKnownFileType = text.plist.strings; name = en; path = en.lproj/InfoPlist.strings; sourceTree = "<group>"; };
		56E890C318BBD66800EE8C9B /* main.m */ = {isa = PBXFileReference; lastKnownFileType = sourcecode.c.objc; path = main.m; sourceTree = "<group>"; };
		56E890C518BBD66800EE8C9B /* Attributor-Prefix.pch */ = {isa = PBXFileReference; lastKnownFileType = sourcecode.c.h; path = "Attributor-Prefix.pch"; sourceTree = "<group>"; };
		56E890C618BBD66800EE8C9B /* AttributorAppDelegate.h */ = {isa = PBXFileReference; lastKnownFileType = sourcecode.c.h; path = AttributorAppDelegate.h; sourceTree = "<group>"; };
		56E890C718BBD66800EE8C9B /* AttributorAppDelegate.m */ = {isa = PBXFileReference; lastKnownFileType = sourcecode.c.objc; path = AttributorAppDelegate.m; sourceTree = "<group>"; };
		56E890CA18BBD66800EE8C9B /* Base */ = {isa = PBXFileReference; lastKnownFileType = file.storyboard; name = Base; path = Base.lproj/Main.storyboard; sourceTree = "<group>"; };
		56E890CC18BBD66800EE8C9B /* AttributorViewController.h */ = {isa = PBXFileReference; lastKnownFileType = sourcecode.c.h; path = AttributorViewController.h; sourceTree = "<group>"; };
		56E890CD18BBD66800EE8C9B /* AttributorViewController.m */ = {isa = PBXFileReference; lastKnownFileType = sourcecode.c.objc; path = AttributorViewController.m; sourceTree = "<group>"; };
		56E890CF18BBD66800EE8C9B /* Images.xcassets */ = {isa = PBXFileReference; lastKnownFileType = folder.assetcatalog; path = Images.xcassets; sourceTree = "<group>"; };
		56E890D518BBD66800EE8C9B /* AttributorTests.xctest */ = {isa = PBXFileReference; explicitFileType = wrapper.cfbundle; includeInIndex = 0; path = AttributorTests.xctest; sourceTree = BUILT_PRODUCTS_DIR; };
		56E890D618BBD66800EE8C9B /* XCTest.framework */ = {isa = PBXFileReference; lastKnownFileType = wrapper.framework; name = XCTest.framework; path = Library/Frameworks/XCTest.framework; sourceTree = DEVELOPER_DIR; };
		56E890DE18BBD66800EE8C9B /* AttributorTests-Info.plist */ = {isa = PBXFileReference; lastKnownFileType = text.plist.xml; path = "AttributorTests-Info.plist"; sourceTree = "<group>"; };
		56E890E018BBD66800EE8C9B /* en */ = {isa = PBXFileReference; lastKnownFileType = text.plist.strings; name = en; path = en.lproj/InfoPlist.strings; sourceTree = "<group>"; };
		56E890E218BBD66800EE8C9B /* AttributorTests.m */ = {isa = PBXFileReference; lastKnownFileType = sourcecode.c.objc; path = AttributorTests.m; sourceTree = "<group>"; };
/* End PBXFileReference section */

/* Begin PBXFrameworksBuildPhase section */
		56E890B118BBD66800EE8C9B /* Frameworks */ = {
			isa = PBXFrameworksBuildPhase;
			buildActionMask = 2147483647;
			files = (
				56E890BA18BBD66800EE8C9B /* CoreGraphics.framework in Frameworks */,
				56E890BC18BBD66800EE8C9B /* UIKit.framework in Frameworks */,
				56E890B818BBD66800EE8C9B /* Foundation.framework in Frameworks */,
			);
			runOnlyForDeploymentPostprocessing = 0;
		};
		56E890D218BBD66800EE8C9B /* Frameworks */ = {
			isa = PBXFrameworksBuildPhase;
			buildActionMask = 2147483647;
			files = (
				56E890D718BBD66800EE8C9B /* XCTest.framework in Frameworks */,
				56E890D918BBD66800EE8C9B /* UIKit.framework in Frameworks */,
				56E890D818BBD66800EE8C9B /* Foundation.framework in Frameworks */,
			);
			runOnlyForDeploymentPostprocessing = 0;
		};
/* End PBXFrameworksBuildPhase section */

/* Begin PBXGroup section */
		56E890AB18BBD66800EE8C9B = {
			isa = PBXGroup;
			children = (
				56E890BD18BBD66800EE8C9B /* Attributor */,
				56E890DC18BBD66800EE8C9B /* AttributorTests */,
				56E890B618BBD66800EE8C9B /* Frameworks */,
				56E890B518BBD66800EE8C9B /* Products */,
			);
			sourceTree = "<group>";
		};
		56E890B518BBD66800EE8C9B /* Products */ = {
			isa = PBXGroup;
			children = (
				56E890B418BBD66800EE8C9B /* Attributor.app */,
				56E890D518BBD66800EE8C9B /* AttributorTests.xctest */,
			);
			name = Products;
			sourceTree = "<group>";
		};
		56E890B618BBD66800EE8C9B /* Frameworks */ = {
			isa = PBXGroup;
			children = (
				56E890B718BBD66800EE8C9B /* Foundation.framework */,
				56E890B918BBD66800EE8C9B /* CoreGraphics.framework */,
				56E890BB18BBD66800EE8C9B /* UIKit.framework */,
				56E890D618BBD66800EE8C9B /* XCTest.framework */,
			);
			name = Frameworks;
			sourceTree = "<group>";
		};
		56E890BD18BBD66800EE8C9B /* Attributor */ = {
			isa = PBXGroup;
			children = (
				56E890C918BBD66800EE8C9B /* Main.storyboard */,
				56E890CC18BBD66800EE8C9B /* AttributorViewController.h */,
				56E890CD18BBD66800EE8C9B /* AttributorViewController.m */,
				56E890CF18BBD66800EE8C9B /* Images.xcassets */,
				56E890BE18BBD66800EE8C9B /* Supporting Files */,
			);
			path = Attributor;
			sourceTree = "<group>";
		};
		56E890BE18BBD66800EE8C9B /* Supporting Files */ = {
			isa = PBXGroup;
			children = (
				56E890C618BBD66800EE8C9B /* AttributorAppDelegate.h */,
				56E890C718BBD66800EE8C9B /* AttributorAppDelegate.m */,
				56E890BF18BBD66800EE8C9B /* Attributor-Info.plist */,
				56E890C018BBD66800EE8C9B /* InfoPlist.strings */,
				56E890C318BBD66800EE8C9B /* main.m */,
				56E890C518BBD66800EE8C9B /* Attributor-Prefix.pch */,
			);
			name = "Supporting Files";
			sourceTree = "<group>";
		};
		56E890DC18BBD66800EE8C9B /* AttributorTests */ = {
			isa = PBXGroup;
			children = (
				56E890E218BBD66800EE8C9B /* AttributorTests.m */,
				56E890DD18BBD66800EE8C9B /* Supporting Files */,
			);
			path = AttributorTests;
			sourceTree = "<group>";
		};
		56E890DD18BBD66800EE8C9B /* Supporting Files */ = {
			isa = PBXGroup;
			children = (
				56E890DE18BBD66800EE8C9B /* AttributorTests-Info.plist */,
				56E890DF18BBD66800EE8C9B /* InfoPlist.strings */,
			);
			name = "Supporting Files";
			sourceTree = "<group>";
		};
/* End PBXGroup section */

/* Begin PBXNativeTarget section */
		56E890B318BBD66800EE8C9B /* Attributor */ = {
			isa = PBXNativeTarget;
			buildConfigurationList = 56E890E618BBD66800EE8C9B /* Build configuration list for PBXNativeTarget "Attributor" */;
			buildPhases = (
				56E890B018BBD66800EE8C9B /* Sources */,
				56E890B118BBD66800EE8C9B /* Frameworks */,
				56E890B218BBD66800EE8C9B /* Resources */,
			);
			buildRules = (
			);
			dependencies = (
			);
			name = Attributor;
			productName = Attributor;
			productReference = 56E890B418BBD66800EE8C9B /* Attributor.app */;
			productType = "com.apple.product-type.application";
		};
		56E890D418BBD66800EE8C9B /* AttributorTests */ = {
			isa = PBXNativeTarget;
			buildConfigurationList = 56E890E918BBD66800EE8C9B /* Build configuration list for PBXNativeTarget "AttributorTests" */;
			buildPhases = (
				56E890D118BBD66800EE8C9B /* Sources */,
				56E890D218BBD66800EE8C9B /* Frameworks */,
				56E890D318BBD66800EE8C9B /* Resources */,
			);
			buildRules = (
			);
			dependencies = (
				56E890DB18BBD66800EE8C9B /* PBXTargetDependency */,
			);
			name = AttributorTests;
			productName = AttributorTests;
			productReference = 56E890D518BBD66800EE8C9B /* AttributorTests.xctest */;
			productType = "com.apple.product-type.bundle.unit-test";
		};
/* End PBXNativeTarget section */

/* Begin PBXProject section */
		56E890AC18BBD66800EE8C9B /* Project object */ = {
			isa = PBXProject;
			attributes = {
				CLASSPREFIX = Attributor;
				LastUpgradeCheck = 0500;
				ORGANIZATIONNAME = "Charles Feng";
				TargetAttributes = {
					56E890D418BBD66800EE8C9B = {
						TestTargetID = 56E890B318BBD66800EE8C9B;
					};
				};
			};
			buildConfigurationList = 56E890AF18BBD66800EE8C9B /* Build configuration list for PBXProject "Attributor" */;
			compatibilityVersion = "Xcode 3.2";
			developmentRegion = English;
			hasScannedForEncodings = 0;
			knownRegions = (
				en,
				Base,
			);
			mainGroup = 56E890AB18BBD66800EE8C9B;
			productRefGroup = 56E890B518BBD66800EE8C9B /* Products */;
			projectDirPath = "";
			projectRoot = "";
			targets = (
				56E890B318BBD66800EE8C9B /* Attributor */,
				56E890D418BBD66800EE8C9B /* AttributorTests */,
			);
		};
/* End PBXProject section */

/* Begin PBXResourcesBuildPhase section */
		56E890B218BBD66800EE8C9B /* Resources */ = {
			isa = PBXResourcesBuildPhase;
			buildActionMask = 2147483647;
			files = (
				56E890D018BBD66800EE8C9B /* Images.xcassets in Resources */,
				56E890C218BBD66800EE8C9B /* InfoPlist.strings in Resources */,
				56E890CB18BBD66800EE8C9B /* Main.storyboard in Resources */,
			);
			runOnlyForDeploymentPostprocessing = 0;
		};
		56E890D318BBD66800EE8C9B /* Resources */ = {
			isa = PBXResourcesBuildPhase;
			buildActionMask = 2147483647;
			files = (
				56E890E118BBD66800EE8C9B /* InfoPlist.strings in Resources */,
			);
			runOnlyForDeploymentPostprocessing = 0;
		};
/* End PBXResourcesBuildPhase section */

/* Begin PBXSourcesBuildPhase section */
		56E890B018BBD66800EE8C9B /* Sources */ = {
			isa = PBXSourcesBuildPhase;
			buildActionMask = 2147483647;
			files = (
				56E890C818BBD66800EE8C9B /* AttributorAppDelegate.m in Sources */,
				56E890CE18BBD66800EE8C9B /* AttributorViewController.m in Sources */,
				56E890C418BBD66800EE8C9B /* main.m in Sources */,
			);
			runOnlyForDeploymentPostprocessing = 0;
		};
		56E890D118BBD66800EE8C9B /* Sources */ = {
			isa = PBXSourcesBuildPhase;
			buildActionMask = 2147483647;
			files = (
				56E890E318BBD66800EE8C9B /* AttributorTests.m in Sources */,
			);
			runOnlyForDeploymentPostprocessing = 0;
		};
/* End PBXSourcesBuildPhase section */

/* Begin PBXTargetDependency section */
		56E890DB18BBD66800EE8C9B /* PBXTargetDependency */ = {
			isa = PBXTargetDependency;
			target = 56E890B318BBD66800EE8C9B /* Attributor */;
			targetProxy = 56E890DA18BBD66800EE8C9B /* PBXContainerItemProxy */;
		};
/* End PBXTargetDependency section */

/* Begin PBXVariantGroup section */
		56E890C018BBD66800EE8C9B /* InfoPlist.strings */ = {
			isa = PBXVariantGroup;
			children = (
				56E890C118BBD66800EE8C9B /* en */,
			);
			name = InfoPlist.strings;
			sourceTree = "<group>";
		};
		56E890C918BBD66800EE8C9B /* Main.storyboard */ = {
			isa = PBXVariantGroup;
			children = (
				56E890CA18BBD66800EE8C9B /* Base */,
			);
			name = Main.storyboard;
			sourceTree = "<group>";
		};
		56E890DF18BBD66800EE8C9B /* InfoPlist.strings */ = {
			isa = PBXVariantGroup;
			children = (
				56E890E018BBD66800EE8C9B /* en */,
			);
			name = InfoPlist.strings;
			sourceTree = "<group>";
		};
/* End PBXVariantGroup section */

/* Begin XCBuildConfiguration section */
		56E890E418BBD66800EE8C9B /* Debug */ = {
			isa = XCBuildConfiguration;
			buildSettings = {
				ALWAYS_SEARCH_USER_PATHS = NO;
				ARCHS = "$(ARCHS_STANDARD_INCLUDING_64_BIT)";
				CLANG_CXX_LANGUAGE_STANDARD = "gnu++0x";
				CLANG_CXX_LIBRARY = "libc++";
				CLANG_ENABLE_MODULES = YES;
				CLANG_ENABLE_OBJC_ARC = YES;
				CLANG_WARN_BOOL_CONVERSION = YES;
				CLANG_WARN_CONSTANT_CONVERSION = YES;
				CLANG_WARN_DIRECT_OBJC_ISA_USAGE = YES_ERROR;
				CLANG_WARN_EMPTY_BODY = YES;
				CLANG_WARN_ENUM_CONVERSION = YES;
				CLANG_WARN_INT_CONVERSION = YES;
				CLANG_WARN_OBJC_ROOT_CLASS = YES_ERROR;
				CLANG_WARN__DUPLICATE_METHOD_MATCH = YES;
				"CODE_SIGN_IDENTITY[sdk=iphoneos*]" = "iPhone Developer";
				COPY_PHASE_STRIP = NO;
				GCC_C_LANGUAGE_STANDARD = gnu99;
				GCC_DYNAMIC_NO_PIC = NO;
				GCC_OPTIMIZATION_LEVEL = 0;
				GCC_PREPROCESSOR_DEFINITIONS = (
					"DEBUG=1",
					"$(inherited)",
				);
				GCC_SYMBOLS_PRIVATE_EXTERN = NO;
				GCC_WARN_64_TO_32_BIT_CONVERSION = YES;
				GCC_WARN_ABOUT_RETURN_TYPE = YES_ERROR;
				GCC_WARN_UNDECLARED_SELECTOR = YES;
				GCC_WARN_UNINITIALIZED_AUTOS = YES;
				GCC_WARN_UNUSED_FUNCTION = YES;
				GCC_WARN_UNUSED_VARIABLE = YES;
				IPHONEOS_DEPLOYMENT_TARGET = 7.0;
				ONLY_ACTIVE_ARCH = YES;
				SDKROOT = iphoneos;
			};
			name = Debug;
		};
		56E890E518BBD66800EE8C9B /* Release */ = {
			isa = XCBuildConfiguration;
			buildSettings = {
				ALWAYS_SEARCH_USER_PATHS = NO;
				ARCHS = "$(ARCHS_STANDARD_INCLUDING_64_BIT)";
				CLANG_CXX_LANGUAGE_STANDARD = "gnu++0x";
				CLANG_CXX_LIBRARY = "libc++";
				CLANG_ENABLE_MODULES = YES;
				CLANG_ENABLE_OBJC_ARC = YES;
				CLANG_WARN_BOOL_CONVERSION = YES;
				CLANG_WARN_CONSTANT_CONVERSION = YES;
				CLANG_WARN_DIRECT_OBJC_ISA_USAGE = YES_ERROR;
				CLANG_WARN_EMPTY_BODY = YES;
				CLANG_WARN_ENUM_CONVERSION = YES;
				CLANG_WARN_INT_CONVERSION = YES;
				CLANG_WARN_OBJC_ROOT_CLASS = YES_ERROR;
				CLANG_WARN__DUPLICATE_METHOD_MATCH = YES;
				"CODE_SIGN_IDENTITY[sdk=iphoneos*]" = "iPhone Developer";
				COPY_PHASE_STRIP = YES;
				ENABLE_NS_ASSERTIONS = NO;
				GCC_C_LANGUAGE_STANDARD = gnu99;
				GCC_WARN_64_TO_32_BIT_CONVERSION = YES;
				GCC_WARN_ABOUT_RETURN_TYPE = YES_ERROR;
				GCC_WARN_UNDECLARED_SELECTOR = YES;
				GCC_WARN_UNINITIALIZED_AUTOS = YES;
				GCC_WARN_UNUSED_FUNCTION = YES;
				GCC_WARN_UNUSED_VARIABLE = YES;
				IPHONEOS_DEPLOYMENT_TARGET = 7.0;
				SDKROOT = iphoneos;
				VALIDATE_PRODUCT = YES;
			};
			name = Release;
		};
		56E890E718BBD66800EE8C9B /* Debug */ = {
			isa = XCBuildConfiguration;
			buildSettings = {
				ASSETCATALOG_COMPILER_APPICON_NAME = AppIcon;
				ASSETCATALOG_COMPILER_LAUNCHIMAGE_NAME = LaunchImage;
				GCC_PRECOMPILE_PREFIX_HEADER = YES;
				GCC_PREFIX_HEADER = "Attributor/Attributor-Prefix.pch";
				INFOPLIST_FILE = "Attributor/Attributor-Info.plist";
				PRODUCT_NAME = "$(TARGET_NAME)";
				WRAPPER_EXTENSION = app;
			};
			name = Debug;
		};
		56E890E818BBD66800EE8C9B /* Release */ = {
			isa = XCBuildConfiguration;
			buildSettings = {
				ASSETCATALOG_COMPILER_APPICON_NAME = AppIcon;
				ASSETCATALOG_COMPILER_LAUNCHIMAGE_NAME = LaunchImage;
				GCC_PRECOMPILE_PREFIX_HEADER = YES;
				GCC_PREFIX_HEADER = "Attributor/Attributor-Prefix.pch";
				INFOPLIST_FILE = "Attributor/Attributor-Info.plist";
				PRODUCT_NAME = "$(TARGET_NAME)";
				WRAPPER_EXTENSION = app;
			};
			name = Release;
		};
		56E890EA18BBD66800EE8C9B /* Debug */ = {
			isa = XCBuildConfiguration;
			buildSettings = {
				ARCHS = "$(ARCHS_STANDARD_INCLUDING_64_BIT)";
				BUNDLE_LOADER = "$(BUILT_PRODUCTS_DIR)/Attributor.app/Attributor";
				FRAMEWORK_SEARCH_PATHS = (
					"$(SDKROOT)/Developer/Library/Frameworks",
					"$(inherited)",
					"$(DEVELOPER_FRAMEWORKS_DIR)",
				);
				GCC_PRECOMPILE_PREFIX_HEADER = YES;
				GCC_PREFIX_HEADER = "Attributor/Attributor-Prefix.pch";
				GCC_PREPROCESSOR_DEFINITIONS = (
					"DEBUG=1",
					"$(inherited)",
				);
				INFOPLIST_FILE = "AttributorTests/AttributorTests-Info.plist";
				PRODUCT_NAME = "$(TARGET_NAME)";
				TEST_HOST = "$(BUNDLE_LOADER)";
				WRAPPER_EXTENSION = xctest;
			};
			name = Debug;
		};
		56E890EB18BBD66800EE8C9B /* Release */ = {
			isa = XCBuildConfiguration;
			buildSettings = {
				ARCHS = "$(ARCHS_STANDARD_INCLUDING_64_BIT)";
				BUNDLE_LOADER = "$(BUILT_PRODUCTS_DIR)/Attributor.app/Attributor";
				FRAMEWORK_SEARCH_PATHS = (
					"$(SDKROOT)/Developer/Library/Frameworks",
					"$(inherited)",
					"$(DEVELOPER_FRAMEWORKS_DIR)",
				);
				GCC_PRECOMPILE_PREFIX_HEADER = YES;
				GCC_PREFIX_HEADER = "Attributor/Attributor-Prefix.pch";
				INFOPLIST_FILE = "AttributorTests/AttributorTests-Info.plist";
				PRODUCT_NAME = "$(TARGET_NAME)";
				TEST_HOST = "$(BUNDLE_LOADER)";
				WRAPPER_EXTENSION = xctest;
			};
			name = Release;
		};
/* End XCBuildConfiguration section */

/* Begin XCConfigurationList section */
		56E890AF18BBD66800EE8C9B /* Build configuration list for PBXProject "Attributor" */ = {
			isa = XCConfigurationList;
			buildConfigurations = (
				56E890E418BBD66800EE8C9B /* Debug */,
				56E890E518BBD66800EE8C9B /* Release */,
			);
			defaultConfigurationIsVisible = 0;
			defaultConfigurationName = Release;
		};
		56E890E618BBD66800EE8C9B /* Build configuration list for PBXNativeTarget "Attributor" */ = {
			isa = XCConfigurationList;
			buildConfigurations = (
				56E890E718BBD66800EE8C9B /* Debug */,
				56E890E818BBD66800EE8C9B /* Release */,
			);
			defaultConfigurationIsVisible = 0;
		};
		56E890E918BBD66800EE8C9B /* Build configuration list for PBXNativeTarget "AttributorTests" */ = {
			isa = XCConfigurationList;
			buildConfigurations = (
				56E890EA18BBD66800EE8C9B /* Debug */,
				56E890EB18BBD66800EE8C9B /* Release */,
			);
			defaultConfigurationIsVisible = 0;
		};
/* End XCConfigurationList section */
	};
	rootObject = 56E890AC18BBD66800EE8C9B /* Project object */;
}
